{
    "hash": "2cc52df9af12be9fc5bf645d2f62e207",
    "packages": [
        {
            "name": "amazonwebservices/aws-sdk-for-php",
            "version": "dev-master",
            "source": {
                "type": "git",
                "url": "https://github.com/amazonwebservices/aws-sdk-for-php.git",
                "reference": "1.5.17.1"
            },
            "dist": {
                "type": "zip",
                "url": "https://github.com/amazonwebservices/aws-sdk-for-php/archive/1.5.17.1.zip",
                "reference": "1.5.17.1",
                "shasum": ""
            },
            "require": {
                "php": ">=5.2.0"
            },
            "time": "2012-11-26 23:59:55",
            "type": "library",
            "autoload": {
                "classmap": [
                    "authentication/",
                    "extensions/",
                    "lib/",
                    "services/",
                    "utilities/",
                    "sdk.class.php"
                ]
            },
            "notification-url": "https://packagist.org/downloads/",
            "license": [
                "Apache-2.0"
            ],
            "authors": [
                {
                    "name": "Amazon Web Services",
                    "homepage": "http://aws.amazon.com"
                }
            ],
            "description": "AWS SDK for PHP",
            "homepage": "http://aws.amazon.com/sdkforphp/",
            "keywords": [
                "amazon",
                "s3",
                "sdk",
                "aws",
                "dynamodb",
                "ec2"
            ]
        },
        {
            "name": "knplabs/gaufrette",
            "version": "dev-master",
            "source": {
                "type": "git",
                "url": "https://github.com/KnpLabs/Gaufrette",
                "reference": "514a1602e975d3989b286350a8a874d5725fbdc9"
            },
            "dist": {
                "type": "zip",
                "url": "https://github.com/KnpLabs/Gaufrette/archive/514a1602e975d3989b286350a8a874d5725fbdc9.zip",
                "reference": "514a1602e975d3989b286350a8a874d5725fbdc9",
                "shasum": ""
            },
            "require": {
                "php": ">=5.3.2"
            },
            "require-dev": {
                "rackspace/php-cloudfiles": "*",
                "doctrine/dbal": ">=2.3",
                "amazonwebservices/aws-sdk-for-php": "1.5.*",
                "dropbox-php/dropbox-php": "*",
                "phpspec/phpspec2": "1.0.*",
                "herzult/php-ssh": "*"
            },
            "suggest": {
                "knplabs/knp-gaufrette-bundle": "*",
                "ext-curl": "*",
                "ext-mbstring": "*",
                "ext-mongo": "*",
                "dropbox-php/dropbox-php": "to use the Dropbox adapter",
                "amazonwebservices/aws-sdk-for-php": "to use the Amazon S3 adapter",
                "doctrine/dbal": "to use the Doctrine DBAL adapter",
                "ext-zip": "to use the Zip adapter",
                "ext-apc": "to use the APC adapter"
            },
            "time": "2013-01-12 09:56:58",
            "type": "library",
            "extra": {
                "branch-alias": {
                    "dev-master": "0.2.x-dev"
                }
            },
            "autoload": {
                "psr-0": {
                    "Gaufrette": "src/"
                }
            },
            "notification-url": "https://packagist.org/downloads/",
            "license": [
                "MIT"
            ],
            "authors": [
                {
                    "name": "The contributors",
                    "homepage": "http://github.com/knplabs/Gaufrette/contributors"
                },
                {
                    "name": "KnpLabs Team",
                    "homepage": "http://knplabs.com"
                }
            ],
            "description": "PHP5 library that provides a filesystem abstraction layer",
            "homepage": "http://knplabs.com",
            "keywords": [
                "media",
                "file",
                "filesystem",
                "abstraction"
            ]
        }
    ],
    "packages-dev": null,
    "aliases": [

    ],
    "minimum-stability": "stable",
    "stability-flags": {
        "knplabs/gaufrette": 20,
        "amazonwebservices/aws-sdk-for-php": 20
    }
}
